<?xml version="1.0" encoding="utf-8"?>
<Project ToolsVersion="4.0" xmlns="http://schemas.microsoft.com/developer/msbuild/2003">
  <ItemGroup>
    <Filter Include="源文件">
      <UniqueIdentifier>{4FC737F1-C7A5-4376-A066-2A32D752A2FF}</UniqueIdentifier>
      <Extensions>cpp;c;cc;cxx;def;odl;idl;hpj;bat;asm;asmx</Extensions>
    </Filter>
    <Filter Include="资源文件">
      <UniqueIdentifier>{67DA6AB6-F800-4c08-8B7A-83BB121AAD01}</UniqueIdentifier>
      <Extensions>rc;ico;cur;bmp;dlg;rc2;rct;bin;rgs;gif;jpg;jpeg;jpe;resx;tiff;tif;png;wav;mfcribbon-ms</Extensions>
    </Filter>
    <Filter Include="KeyWord">
      <UniqueIdentifier>{44c99448-c524-4833-8f24-0573eaf80a96}</UniqueIdentifier>
    </Filter>
    <Filter Include="Token">
      <UniqueIdentifier>{0243e1c4-6967-4e97-b601-eff3d32db68c}</UniqueIdentifier>
    </Filter>
    <Filter Include="Scanner">
      <UniqueIdentifier>{100b9a5c-e7c2-476c-a69e-186c7d1e4bb0}</UniqueIdentifier>
    </Filter>
    <Filter Include="Profiler">
      <UniqueIdentifier>{b9567185-3426-4e0e-bc35-eb4c37339d36}</UniqueIdentifier>
    </Filter>
    <Filter Include="StatementNode">
      <UniqueIdentifier>{a1e70a14-afc4-4b49-bc9b-d238f6b75109}</UniqueIdentifier>
    </Filter>
    <Filter Include="StatementNode\SquenceStatementNode">
      <UniqueIdentifier>{41b9a602-a73c-488b-8a4f-0a0c1641c84c}</UniqueIdentifier>
    </Filter>
    <Filter Include="StatementNode\LoopStatementNode">
      <UniqueIdentifier>{361856db-e5bd-4d29-a3ad-80c2b3a17056}</UniqueIdentifier>
    </Filter>
    <Filter Include="StatementNode\CheckStatementNode">
      <UniqueIdentifier>{36778e79-035d-4096-b1d7-2fecf53bc7c0}</UniqueIdentifier>
    </Filter>
  </ItemGroup>
  <ItemGroup>
    <ClCompile Include="main.cpp">
      <Filter>源文件</Filter>
    </ClCompile>
    <ClCompile Include="KeyWord\KeyWord.cpp">
      <Filter>KeyWord</Filter>
    </ClCompile>
    <ClCompile Include="Profiler\Profiler.cpp">
      <Filter>Profiler</Filter>
    </ClCompile>
    <ClCompile Include="Scanner\Scanner.cpp">
      <Filter>Scanner</Filter>
    </ClCompile>
    <ClCompile Include="Token\Token.cpp">
      <Filter>Token</Filter>
    </ClCompile>
    <ClCompile Include="Token\TokenAttr.cpp">
      <Filter>Token</Filter>
    </ClCompile>
  </ItemGroup>
  <ItemGroup>
    <ClInclude Include="KeyWord\KeyWord.h">
      <Filter>KeyWord</Filter>
    </ClInclude>
    <ClInclude Include="Profiler\Profiler.h">
      <Filter>Profiler</Filter>
    </ClInclude>
    <ClInclude Include="Scanner\Scanner.h">
      <Filter>Scanner</Filter>
    </ClInclude>
    <ClInclude Include="Token\Token.h">
      <Filter>Token</Filter>
    </ClInclude>
    <ClInclude Include="Token\TokenAttr.h">
      <Filter>Token</Filter>
    </ClInclude>
    <ClInclude Include="StatementNode\StatementNode.h">
      <Filter>StatementNode</Filter>
    </ClInclude>
    <ClInclude Include="StatementNode\SquenceStatementNode\SquenceStatementNode.h">
      <Filter>StatementNode\SquenceStatementNode</Filter>
    </ClInclude>
    <ClInclude Include="StatementNode\LoopStatementNode\LoopStatementNode.h">
      <Filter>StatementNode\LoopStatementNode</Filter>
    </ClInclude>
    <ClInclude Include="StatementNode\CheckStatementNode\CheckStatementNode.h">
      <Filter>StatementNode\CheckStatementNode</Filter>
    </ClInclude>
  </ItemGroup>
</Project>